<Solution>
  <Folder Name="/docker/" />
  <Folder Name="/docker/Auth/">
    <File Path="Auth.Api/Dockerfile" />
  </Folder>
  <Folder Name="/docker/Billing/">
    <File Path=".dockerignore" />
    <File Path="Billing.Api/Dockerfile" />
  </Folder>
  <Folder Name="/docker/CRM/">
    <File Path=".dockerignore" />
    <File Path="CRM.Api/Dockerfile" />
  </Folder>
  <Folder Name="/docker/Gateway/">
    <File Path=".dockerignore" />
    <File Path="Api/Dockerfile" />
  </Folder>
  <Folder Name="/k8s/" />
  <Folder Name="/k8s/Auth/" />
  <Folder Name="/k8s/Billing/" />
  <Folder Name="/k8s/CRM/" />
  <Folder Name="/k8s/Gateway/" />
  <Folder Name="/k8s/Postgres/">
    <File Path="postgres-namespace.yaml" />
    <File Path="postgres-persistentvolumeclaims.yaml" />
    <File Path="postgres-secret.yaml" />
    <File Path="postgres-service.yaml" />
    <File Path="postgres-statefulset.yaml" />
  </Folder>
  <Folder Name="/k8s/RabbitMQ/">
    <File Path="rabbitmq-configmap.yaml" />
    <File Path="rabbitmq-deployment.yaml" />
    <File Path="rabbitmq-namespace.yaml" />
    <File Path="rabbitmq-service.yaml" />
  </Folder>
  <Folder Name="/src/" />
  <Folder Name="/src/Auth/">
    <Project Path="Auth.Api/Auth.Api.csproj" />
    <Project Path="Auth.Data/Auth.Data.csproj" />
    <Project Path="Auth.Domain/Auth.Domain.csproj" />
  </Folder>
  <Folder Name="/src/Billing/">
    <Project Path="Billing.Api/Billing.Api.csproj" />
    <Project Path="Billing.Data/Billing.Data.csproj" />
    <Project Path="Billing.Domain/Billing.Domain.csproj" />
  </Folder>
  <Folder Name="/src/CRM/">
    <Project Path="CRM.Api/CRM.Api.csproj" />
    <Project Path="CRM.Data/CRM.Data.csproj" />
    <Project Path="CRM.Domain/CRM.Domain.csproj" />
  </Folder>
  <Folder Name="/src/Gateway/">
    <Project Path="Gateway.Api/Gateway.Api.csproj" Id="2f1f7bf0-afb9-4e36-a790-5747c4e0e9e3" />
  </Folder>
  <Folder Name="/src/Shared/">
    <Project Path="Shared.BuildingBlocks/Shared.BuildingBlocks.csproj" Id="16d719c8-ff1b-4968-8a0a-61927c91ba87" />
    <Project Path="Shared.Contracts/Shared.Contracts.csproj" Id="04589b25-5890-43a0-a97a-f34fe518bf38" />
    <Project Path="Shared.Kernel/Shared.Kernel.csproj" Id="570d2371-e7d6-4ddf-ad1b-cabc0fdaa940" />
  </Folder>
</Solution>
